# This file was autogenerated by Stack.
# You should not edit this file by hand.
# For more information, please see the documentation at:
#   https://docs.haskellstack.org/en/stable/topics/lock_files

packages:
- completed:
    commit: 535993c6b1c96ff1c8f32c30b55da674c8824396
    git: https://github.com/dwincort/row-types.git
    name: row-types-aeson
    pantry-tree:
      sha256: 93b9dedf432c7fa7d5073dc263a606e869df5386f322795d190dff2ce52cdf56
      size: 374
    subdir: aeson
    version: 1.1.0.0
  original:
    commit: 535993c6b1c96ff1c8f32c30b55da674c8824396
    git: https://github.com/dwincort/row-types.git
    subdir: aeson
snapshots:
- completed:
    sha256: 238fa745b64f91184f9aa518fe04bdde6552533d169b0da5256670df83a0f1a9
    size: 721141
    url: https://raw.githubusercontent.com/commercialhaskell/stackage-snapshots/master/lts/22/44.yaml
  original: lts-22.44
