# This file was autogenerated by Stack.
# You should not edit this file by hand.
# For more information, please see the documentation at:
#   https://docs.haskellstack.org/en/stable/topics/lock_files

packages:
- completed:
    commit: 535993c6b1c96ff1c8f32c30b55da674c8824396
    git: https://github.com/dwincort/row-types.git
    name: row-types-aeson
    pantry-tree:
      sha256: 93b9dedf432c7fa7d5073dc263a606e869df5386f322795d190dff2ce52cdf56
      size: 374
    subdir: aeson
    version: 1.1.0.0
  original:
    commit: 535993c6b1c96ff1c8f32c30b55da674c8824396
    git: https://github.com/dwincort/row-types.git
    subdir: aeson
snapshots:
- completed:
    sha256: a81fb3877c4f9031e1325eb3935122e608d80715dc16b586eb11ddbff8671ecd
    size: 640086
    url: https://raw.githubusercontent.com/commercialhaskell/stackage-snapshots/master/lts/21/25.yaml
  original: lts-21.25
