# This file was autogenerated by Stack.
# You should not edit this file by hand.
# For more information, please see the documentation at:
#   https://docs.haskellstack.org/en/stable/lock_files

packages:
- completed:
    commit: 535993c6b1c96ff1c8f32c30b55da674c8824396
    git: https://github.com/dwincort/row-types.git
    name: row-types-aeson
    pantry-tree:
      sha256: 93b9dedf432c7fa7d5073dc263a606e869df5386f322795d190dff2ce52cdf56
      size: 374
    subdir: aeson
    version: 1.1.0.0
  original:
    commit: 535993c6b1c96ff1c8f32c30b55da674c8824396
    git: https://github.com/dwincort/row-types.git
    subdir: aeson
snapshots:
- completed:
    sha256: 1b4c2669e26fa828451830ed4725e4d406acc25a1fa24fcc039465dd13d7a575
    size: 714100
    url: https://raw.githubusercontent.com/commercialhaskell/stackage-snapshots/master/lts/22/6.yaml
  original: lts-22.6
